
Microsoft Visual Studio Solution File, Format Version 12.00
# Visual Studio 14
VisualStudioVersion = 14.0.25420.1
MinimumVisualStudioVersion = 10.0.40219.1
Project("{2150E333-8FDC-42A3-9474-1A3956D46DE8}") = "src", "src", "{DF194FBD-D3CD-4419-981D-B166C155445C}"
EndProject
Project("{2150E333-8FDC-42A3-9474-1A3956D46DE8}") = "Solution Items", "Solution Items", "{D2C16F34-27D2-4923-8D74-D7E0CC67B129}"
	ProjectSection(SolutionItems) = preProject
		global.json = global.json
	EndProjectSection
EndProject
Project("{8BB2217D-0F2D-49D1-97BC-3654ED321F3B}") = "GUI", "src\BadBoysBoating\GUI.xproj", "{6612B6C6-1151-4134-92FE-75F61FCBBE83}"
EndProject
Project("{8BB2217D-0F2D-49D1-97BC-3654ED321F3B}") = "Models", "src\Models\Models.xproj", "{F2BB5EC4-AF9E-4561-A0E4-F72DF763EAB7}"
EndProject
Project("{8BB2217D-0F2D-49D1-97BC-3654ED321F3B}") = "ViewModels", "src\ViewModels\ViewModels.xproj", "{2091760A-A388-4899-9DCA-0F0EF066BB06}"
EndProject
Project("{8BB2217D-0F2D-49D1-97BC-3654ED321F3B}") = "Business", "src\Business\Business.xproj", "{E36CAD2C-1666-4259-89EE-07007F553E0C}"
EndProject
Project("{8BB2217D-0F2D-49D1-97BC-3654ED321F3B}") = "DB", "src\DB\DB.xproj", "{1CE1A686-1C09-478B-A437-3673DEFC3D0D}"
EndProject
Global
	GlobalSection(SolutionConfigurationPlatforms) = preSolution
		Debug|Any CPU = Debug|Any CPU
		Release|Any CPU = Release|Any CPU
	EndGlobalSection
	GlobalSection(ProjectConfigurationPlatforms) = postSolution
		{6612B6C6-1151-4134-92FE-75F61FCBBE83}.Debug|Any CPU.ActiveCfg = Debug|Any CPU
		{6612B6C6-1151-4134-92FE-75F61FCBBE83}.Debug|Any CPU.Build.0 = Debug|Any CPU
		{6612B6C6-1151-4134-92FE-75F61FCBBE83}.Release|Any CPU.ActiveCfg = Release|Any CPU
		{6612B6C6-1151-4134-92FE-75F61FCBBE83}.Release|Any CPU.Build.0 = Release|Any CPU
		{F2BB5EC4-AF9E-4561-A0E4-F72DF763EAB7}.Debug|Any CPU.ActiveCfg = Debug|Any CPU
		{F2BB5EC4-AF9E-4561-A0E4-F72DF763EAB7}.Debug|Any CPU.Build.0 = Debug|Any CPU
		{F2BB5EC4-AF9E-4561-A0E4-F72DF763EAB7}.Release|Any CPU.ActiveCfg = Release|Any CPU
		{F2BB5EC4-AF9E-4561-A0E4-F72DF763EAB7}.Release|Any CPU.Build.0 = Release|Any CPU
		{2091760A-A388-4899-9DCA-0F0EF066BB06}.Debug|Any CPU.ActiveCfg = Debug|Any CPU
		{2091760A-A388-4899-9DCA-0F0EF066BB06}.Debug|Any CPU.Build.0 = Debug|Any CPU
		{2091760A-A388-4899-9DCA-0F0EF066BB06}.Release|Any CPU.ActiveCfg = Release|Any CPU
		{2091760A-A388-4899-9DCA-0F0EF066BB06}.Release|Any CPU.Build.0 = Release|Any CPU
		{E36CAD2C-1666-4259-89EE-07007F553E0C}.Debug|Any CPU.ActiveCfg = Debug|Any CPU
		{E36CAD2C-1666-4259-89EE-07007F553E0C}.Debug|Any CPU.Build.0 = Debug|Any CPU
		{E36CAD2C-1666-4259-89EE-07007F553E0C}.Release|Any CPU.ActiveCfg = Release|Any CPU
		{E36CAD2C-1666-4259-89EE-07007F553E0C}.Release|Any CPU.Build.0 = Release|Any CPU
		{1CE1A686-1C09-478B-A437-3673DEFC3D0D}.Debug|Any CPU.ActiveCfg = Debug|Any CPU
		{1CE1A686-1C09-478B-A437-3673DEFC3D0D}.Debug|Any CPU.Build.0 = Debug|Any CPU
		{1CE1A686-1C09-478B-A437-3673DEFC3D0D}.Release|Any CPU.ActiveCfg = Release|Any CPU
		{1CE1A686-1C09-478B-A437-3673DEFC3D0D}.Release|Any CPU.Build.0 = Release|Any CPU
	EndGlobalSection
	GlobalSection(SolutionProperties) = preSolution
		HideSolutionNode = FALSE
	EndGlobalSection
	GlobalSection(NestedProjects) = preSolution
		{6612B6C6-1151-4134-92FE-75F61FCBBE83} = {DF194FBD-D3CD-4419-981D-B166C155445C}
		{F2BB5EC4-AF9E-4561-A0E4-F72DF763EAB7} = {DF194FBD-D3CD-4419-981D-B166C155445C}
		{2091760A-A388-4899-9DCA-0F0EF066BB06} = {DF194FBD-D3CD-4419-981D-B166C155445C}
		{E36CAD2C-1666-4259-89EE-07007F553E0C} = {DF194FBD-D3CD-4419-981D-B166C155445C}
		{1CE1A686-1C09-478B-A437-3673DEFC3D0D} = {DF194FBD-D3CD-4419-981D-B166C155445C}
	EndGlobalSection
EndGlobal
